
Microsoft Visual Studio Solution File, Format Version 12.00
# Visual Studio 15
VisualStudioVersion = 15.0.28307.572
MinimumVisualStudioVersion = 10.0.40219.1
Project("{8BC9CEB8-8B4A-11D0-8D11-00A0C91BC942}") = "GameEngine", "GameEngine\GameEngine.vcxproj", "{CEE76FAB-6FB9-4B52-876E-588CE3D452B9}"
EndProject
Global
	GlobalSection(SolutionConfigurationPlatforms) = preSolution
		Debug|x64 = Debug|x64
		Debug|x86 = Debug|x86
		Release|x64 = Release|x64
		Release|x86 = Release|x86
	EndGlobalSection
	GlobalSection(ProjectConfigurationPlatforms) = postSolution
		{CEE76FAB-6FB9-4B52-876E-588CE3D452B9}.Debug|x64.ActiveCfg = Debug|x64
		{CEE76FAB-6FB9-4B52-876E-588CE3D452B9}.Debug|x64.Build.0 = Debug|x64
		{CEE76FAB-6FB9-4B52-876E-588CE3D452B9}.Debug|x86.ActiveCfg = Debug|Win32
		{CEE76FAB-6FB9-4B52-876E-588CE3D452B9}.Debug|x86.Build.0 = Debug|Win32
		{CEE76FAB-6FB9-4B52-876E-588CE3D452B9}.Release|x64.ActiveCfg = Release|x64
		{CEE76FAB-6FB9-4B52-876E-588CE3D452B9}.Release|x64.Build.0 = Release|x64
		{CEE76FAB-6FB9-4B52-876E-588CE3D452B9}.Release|x86.ActiveCfg = Release|Win32
		{CEE76FAB-6FB9-4B52-876E-588CE3D452B9}.Release|x86.Build.0 = Release|Win32
	EndGlobalSection
	GlobalSection(SolutionProperties) = preSolution
		HideSolutionNode = FALSE
	EndGlobalSection
	GlobalSection(ExtensibilityGlobals) = postSolution
		SolutionGuid = {5241C0CB-4B39-43B1-9243-FED2047745B5}
	EndGlobalSection
EndGlobal
